
Microsoft Visual Studio Solution File, Format Version 12.00
# Visual Studio 14
VisualStudioVersion = 14.0.25420.1
MinimumVisualStudioVersion = 10.0.40219.1
Project("{FAE04EC0-301F-11D3-BF4B-00C04F79EFBC}") = "s4cli", "s4cli\s4cli.csproj", "{A5F63747-FF87-4522-8FC9-0646D7F2280E}"
EndProject
Global
	GlobalSection(SolutionConfigurationPlatforms) = preSolution
		Debug|Any CPU = Debug|Any CPU
		Release|Any CPU = Release|Any CPU
	EndGlobalSection
	GlobalSection(ProjectConfigurationPlatforms) = postSolution
		{A5F63747-FF87-4522-8FC9-0646D7F2280E}.Debug|Any CPU.ActiveCfg = Debug|Any CPU
		{A5F63747-FF87-4522-8FC9-0646D7F2280E}.Debug|Any CPU.Build.0 = Debug|Any CPU
		{A5F63747-FF87-4522-8FC9-0646D7F2280E}.Release|Any CPU.ActiveCfg = Release|Any CPU
		{A5F63747-FF87-4522-8FC9-0646D7F2280E}.Release|Any CPU.Build.0 = Release|Any CPU
	EndGlobalSection
	GlobalSection(SolutionProperties) = preSolution
		HideSolutionNode = FALSE
	EndGlobalSection
EndGlobal
